
Microsoft Visual Studio Solution File, Format Version 12.00
# Visual Studio 2015
Project("{FAE04EC0-301F-11D3-BF4B-00C04F79EFBC}") = "Gnomes.CSharp.Plugins", "Gnomes.CSharp.Plugins.csproj", "{8D89BD4D-3FF0-F7B8-0BCC-68E9ECA4C61A}"
EndProject
Project("{FAE04EC0-301F-11D3-BF4B-00C04F79EFBC}") = "Gnomes.CSharp", "Gnomes.CSharp.csproj", "{58E66EF9-57B3-26BE-3450-C53C0721FE03}"
EndProject
Project("{FAE04EC0-301F-11D3-BF4B-00C04F79EFBC}") = "Gnomes.CSharp.Editor", "Gnomes.CSharp.Editor.csproj", "{EEE79C24-9E7E-0C63-A887-2BD63524A4B5}"
EndProject
Global
	GlobalSection(SolutionConfigurationPlatforms) = preSolution
		Debug|Any CPU = Debug|Any CPU
		Release|Any CPU = Release|Any CPU
	EndGlobalSection
	GlobalSection(ProjectConfigurationPlatforms) = postSolution
		{8D89BD4D-3FF0-F7B8-0BCC-68E9ECA4C61A}.Debug|Any CPU.ActiveCfg = Debug|Any CPU
		{8D89BD4D-3FF0-F7B8-0BCC-68E9ECA4C61A}.Debug|Any CPU.Build.0 = Debug|Any CPU
		{8D89BD4D-3FF0-F7B8-0BCC-68E9ECA4C61A}.Release|Any CPU.ActiveCfg = Release|Any CPU
		{8D89BD4D-3FF0-F7B8-0BCC-68E9ECA4C61A}.Release|Any CPU.Build.0 = Release|Any CPU
		{58E66EF9-57B3-26BE-3450-C53C0721FE03}.Debug|Any CPU.ActiveCfg = Debug|Any CPU
		{58E66EF9-57B3-26BE-3450-C53C0721FE03}.Debug|Any CPU.Build.0 = Debug|Any CPU
		{58E66EF9-57B3-26BE-3450-C53C0721FE03}.Release|Any CPU.ActiveCfg = Release|Any CPU
		{58E66EF9-57B3-26BE-3450-C53C0721FE03}.Release|Any CPU.Build.0 = Release|Any CPU
		{EEE79C24-9E7E-0C63-A887-2BD63524A4B5}.Debug|Any CPU.ActiveCfg = Debug|Any CPU
		{EEE79C24-9E7E-0C63-A887-2BD63524A4B5}.Debug|Any CPU.Build.0 = Debug|Any CPU
		{EEE79C24-9E7E-0C63-A887-2BD63524A4B5}.Release|Any CPU.ActiveCfg = Release|Any CPU
		{EEE79C24-9E7E-0C63-A887-2BD63524A4B5}.Release|Any CPU.Build.0 = Release|Any CPU
	EndGlobalSection
	GlobalSection(SolutionProperties) = preSolution
		HideSolutionNode = FALSE
	EndGlobalSection
EndGlobal
